
Microsoft Visual Studio Solution File, Format Version 12.00
# Visual Studio Version 16
VisualStudioVersion = 16.0.31105.61
MinimumVisualStudioVersion = 10.0.40219.1
Project("{9A19103F-16F7-4668-BE54-9A1E7A4F7556}") = "CodeColoring", "CodeColoring\CodeColoring.csproj", "{9FB3A388-367D-4351-B02A-64CD2AFA46D2}"
EndProject
Project("{FAE04EC0-301F-11D3-BF4B-00C04F79EFBC}") = "CodeColoring_Tests", "CodeColoring_Tests\CodeColoring_Tests.csproj", "{81AF406E-737A-445A-BD0C-5A939FAF6FB1}"
EndProject
Global
	GlobalSection(SolutionConfigurationPlatforms) = preSolution
		Debug|Any CPU = Debug|Any CPU
		Release|Any CPU = Release|Any CPU
	EndGlobalSection
	GlobalSection(ProjectConfigurationPlatforms) = postSolution
		{9FB3A388-367D-4351-B02A-64CD2AFA46D2}.Debug|Any CPU.ActiveCfg = Debug|Any CPU
		{9FB3A388-367D-4351-B02A-64CD2AFA46D2}.Debug|Any CPU.Build.0 = Debug|Any CPU
		{9FB3A388-367D-4351-B02A-64CD2AFA46D2}.Release|Any CPU.ActiveCfg = Release|Any CPU
		{9FB3A388-367D-4351-B02A-64CD2AFA46D2}.Release|Any CPU.Build.0 = Release|Any CPU
		{81AF406E-737A-445A-BD0C-5A939FAF6FB1}.Debug|Any CPU.ActiveCfg = Debug|Any CPU
		{81AF406E-737A-445A-BD0C-5A939FAF6FB1}.Debug|Any CPU.Build.0 = Debug|Any CPU
		{81AF406E-737A-445A-BD0C-5A939FAF6FB1}.Release|Any CPU.ActiveCfg = Release|Any CPU
		{81AF406E-737A-445A-BD0C-5A939FAF6FB1}.Release|Any CPU.Build.0 = Release|Any CPU
	EndGlobalSection
	GlobalSection(SolutionProperties) = preSolution
		HideSolutionNode = FALSE
	EndGlobalSection
	GlobalSection(ExtensibilityGlobals) = postSolution
		SolutionGuid = {8F08241B-E406-4B2D-BE9F-E27A9C434FFE}
	EndGlobalSection
EndGlobal
